
Microsoft Visual Studio Solution File, Format Version 12.00
# Visual Studio Version 16
VisualStudioVersion = 16.0.30517.126
MinimumVisualStudioVersion = 10.0.40219.1
Project("{FAE04EC0-301F-11D3-BF4B-00C04F79EFBC}") = "Detector de cuerpos en movimiento", "Detector de cuerpos en movimiento.csproj", "{5CA4C880-4109-4AB3-9237-61918EE91124}"
EndProject
Global
	GlobalSection(SolutionConfigurationPlatforms) = preSolution
		Debug|Any CPU = Debug|Any CPU
		Release|Any CPU = Release|Any CPU
	EndGlobalSection
	GlobalSection(ProjectConfigurationPlatforms) = postSolution
		{5CA4C880-4109-4AB3-9237-61918EE91124}.Debug|Any CPU.ActiveCfg = Debug|Any CPU
		{5CA4C880-4109-4AB3-9237-61918EE91124}.Debug|Any CPU.Build.0 = Debug|Any CPU
		{5CA4C880-4109-4AB3-9237-61918EE91124}.Release|Any CPU.ActiveCfg = Release|Any CPU
		{5CA4C880-4109-4AB3-9237-61918EE91124}.Release|Any CPU.Build.0 = Release|Any CPU
	EndGlobalSection
	GlobalSection(SolutionProperties) = preSolution
		HideSolutionNode = FALSE
	EndGlobalSection
	GlobalSection(ExtensibilityGlobals) = postSolution
		SolutionGuid = {5D4CD404-38F7-4CC0-91D8-ADA4745477C0}
	EndGlobalSection
EndGlobal
